
Microsoft Visual Studio Solution File, Format Version 12.00
# Visual Studio Version 17
VisualStudioVersion = 17.14.36109.1
MinimumVisualStudioVersion = 10.0.40219.1
Project("{FAE04EC0-301F-11D3-BF4B-00C04F79EFBC}") = "IzmirTeknoloji.Domain", "IzmirTeknoloji.Domain\IzmirTeknoloji.Domain.csproj", "{648F94EF-3039-475F-9012-16E9BCC175A3}"
EndProject
Project("{FAE04EC0-301F-11D3-BF4B-00C04F79EFBC}") = "IzmirTeknoloji.Application", "IzmirTeknoloji.Application\IzmirTeknoloji.Application.csproj", "{510FB7A3-9EBE-4D4D-B167-4B89904287DD}"
EndProject
Project("{FAE04EC0-301F-11D3-BF4B-00C04F79EFBC}") = "IzmirTeknoloji.Infrastructure", "IzmirTeknoloji.Infrastructure\IzmirTeknoloji.Infrastructure.csproj", "{968C3F04-D391-4BD3-B663-90FFEBBE418F}"
EndProject
Project("{FAE04EC0-301F-11D3-BF4B-00C04F79EFBC}") = "IzmirTeknoloji.API", "IzmirTeknoloji.API\IzmirTeknoloji.API.csproj", "{B91E0F0D-7377-407A-9B9E-0B8726372622}"
EndProject
Project("{2150E333-8FDC-42A3-9474-1A3956D46DE8}") = "Database", "Database", "{02EA681E-C7D8-13C7-8484-4AC65E1B71E8}"
EndProject
Project("{2150E333-8FDC-42A3-9474-1A3956D46DE8}") = "PostgreBackup", "PostgreBackup", "{DC778250-F5BC-44B1-94F4-864318F86976}"
	ProjectSection(SolutionItems) = preProject
		C:\Users\Administrator\Desktop\PostgreBackup\IzmirTeknolojiDb.sql = C:\Users\Administrator\Desktop\PostgreBackup\IzmirTeknolojiDb.sql
	EndProjectSection
EndProject
Global
	GlobalSection(SolutionConfigurationPlatforms) = preSolution
		Debug|Any CPU = Debug|Any CPU
		Release|Any CPU = Release|Any CPU
	EndGlobalSection
	GlobalSection(ProjectConfigurationPlatforms) = postSolution
		{648F94EF-3039-475F-9012-16E9BCC175A3}.Debug|Any CPU.ActiveCfg = Debug|Any CPU
		{648F94EF-3039-475F-9012-16E9BCC175A3}.Debug|Any CPU.Build.0 = Debug|Any CPU
		{648F94EF-3039-475F-9012-16E9BCC175A3}.Release|Any CPU.ActiveCfg = Release|Any CPU
		{648F94EF-3039-475F-9012-16E9BCC175A3}.Release|Any CPU.Build.0 = Release|Any CPU
		{510FB7A3-9EBE-4D4D-B167-4B89904287DD}.Debug|Any CPU.ActiveCfg = Debug|Any CPU
		{510FB7A3-9EBE-4D4D-B167-4B89904287DD}.Debug|Any CPU.Build.0 = Debug|Any CPU
		{510FB7A3-9EBE-4D4D-B167-4B89904287DD}.Release|Any CPU.ActiveCfg = Release|Any CPU
		{510FB7A3-9EBE-4D4D-B167-4B89904287DD}.Release|Any CPU.Build.0 = Release|Any CPU
		{968C3F04-D391-4BD3-B663-90FFEBBE418F}.Debug|Any CPU.ActiveCfg = Debug|Any CPU
		{968C3F04-D391-4BD3-B663-90FFEBBE418F}.Debug|Any CPU.Build.0 = Debug|Any CPU
		{968C3F04-D391-4BD3-B663-90FFEBBE418F}.Release|Any CPU.ActiveCfg = Release|Any CPU
		{968C3F04-D391-4BD3-B663-90FFEBBE418F}.Release|Any CPU.Build.0 = Release|Any CPU
		{B91E0F0D-7377-407A-9B9E-0B8726372622}.Debug|Any CPU.ActiveCfg = Debug|Any CPU
		{B91E0F0D-7377-407A-9B9E-0B8726372622}.Debug|Any CPU.Build.0 = Debug|Any CPU
		{B91E0F0D-7377-407A-9B9E-0B8726372622}.Release|Any CPU.ActiveCfg = Release|Any CPU
		{B91E0F0D-7377-407A-9B9E-0B8726372622}.Release|Any CPU.Build.0 = Release|Any CPU
	EndGlobalSection
	GlobalSection(SolutionProperties) = preSolution
		HideSolutionNode = FALSE
	EndGlobalSection
	GlobalSection(NestedProjects) = preSolution
		{DC778250-F5BC-44B1-94F4-864318F86976} = {02EA681E-C7D8-13C7-8484-4AC65E1B71E8}
	EndGlobalSection
	GlobalSection(ExtensibilityGlobals) = postSolution
		SolutionGuid = {556C69D7-517C-4EC5-AA0E-B9002B6D6B19}
	EndGlobalSection
EndGlobal
